
Microsoft Visual Studio Solution File, Format Version 12.00
# Visual Studio Version 17
VisualStudioVersion = 17.6.33801.468
MinimumVisualStudioVersion = 10.0.40219.1
Project("{FAE04EC0-301F-11D3-BF4B-00C04F79EFBC}") = "Routing", "Routing\Routing.csproj", "{68AD26C0-35CE-4BB5-B7C6-F60759DD2CBD}"
EndProject
Global
	GlobalSection(SolutionConfigurationPlatforms) = preSolution
		Debug|Any CPU = Debug|Any CPU
		Release|Any CPU = Release|Any CPU
	EndGlobalSection
	GlobalSection(ProjectConfigurationPlatforms) = postSolution
		{68AD26C0-35CE-4BB5-B7C6-F60759DD2CBD}.Debug|Any CPU.ActiveCfg = Debug|Any CPU
		{68AD26C0-35CE-4BB5-B7C6-F60759DD2CBD}.Debug|Any CPU.Build.0 = Debug|Any CPU
		{68AD26C0-35CE-4BB5-B7C6-F60759DD2CBD}.Release|Any CPU.ActiveCfg = Release|Any CPU
		{68AD26C0-35CE-4BB5-B7C6-F60759DD2CBD}.Release|Any CPU.Build.0 = Release|Any CPU
	EndGlobalSection
	GlobalSection(SolutionProperties) = preSolution
		HideSolutionNode = FALSE
	EndGlobalSection
	GlobalSection(ExtensibilityGlobals) = postSolution
		SolutionGuid = {8A2CEBE5-4A82-4473-92A2-C5319A414FF6}
	EndGlobalSection
EndGlobal
